{
  "pins" : [
    {
      "identity" : "rxswift",
      "kind" : "remoteSourceControl",
      "location" : "https://github.com/FountainheadMobileSolutions/RxSwift",
      "state" : {
        "branch" : "main",
        "revision" : "a0169431d766aeb2373ef90f24dca10647092576"
      }
    }
  ],
  "version" : 2
}
